
Microsoft Visual Studio Solution File, Format Version 12.00
# Visual Studio 15
VisualStudioVersion = 15.0.26730.3
MinimumVisualStudioVersion = 10.0.40219.1
Project("{9A19103F-16F7-4668-BE54-9A1E7A4F7556}") = "DragonLib", "Common\DragonLib\DragonLib.csproj", "{EA42D9E7-4C10-4F6D-A364-2B05590BCD43}"
EndProject
Project("{FAE04EC0-301F-11D3-BF4B-00C04F79EFBC}") = "DragonLibUnitTests", "Tests\DragonLibUnitTests\DragonLibUnitTests.csproj", "{FDD509C1-622C-49B8-A1D7-13888F01AFEF}"
EndProject
Project("{FAE04EC0-301F-11D3-BF4B-00C04F79EFBC}") = "UI", "UI\UI.csproj", "{D08D6890-7FB2-45E0-96DB-69BAB0074DC0}"
EndProject
Global
	GlobalSection(SolutionConfigurationPlatforms) = preSolution
		Debug|Any CPU = Debug|Any CPU
		Debug|ARM = Debug|ARM
		Debug|x64 = Debug|x64
		Debug|x86 = Debug|x86
		Release|Any CPU = Release|Any CPU
		Release|ARM = Release|ARM
		Release|x64 = Release|x64
		Release|x86 = Release|x86
	EndGlobalSection
	GlobalSection(ProjectConfigurationPlatforms) = postSolution
		{EA42D9E7-4C10-4F6D-A364-2B05590BCD43}.Debug|Any CPU.ActiveCfg = Debug|Any CPU
		{EA42D9E7-4C10-4F6D-A364-2B05590BCD43}.Debug|Any CPU.Build.0 = Debug|Any CPU
		{EA42D9E7-4C10-4F6D-A364-2B05590BCD43}.Debug|ARM.ActiveCfg = Debug|Any CPU
		{EA42D9E7-4C10-4F6D-A364-2B05590BCD43}.Debug|ARM.Build.0 = Debug|Any CPU
		{EA42D9E7-4C10-4F6D-A364-2B05590BCD43}.Debug|x64.ActiveCfg = Debug|Any CPU
		{EA42D9E7-4C10-4F6D-A364-2B05590BCD43}.Debug|x64.Build.0 = Debug|Any CPU
		{EA42D9E7-4C10-4F6D-A364-2B05590BCD43}.Debug|x86.ActiveCfg = Debug|Any CPU
		{EA42D9E7-4C10-4F6D-A364-2B05590BCD43}.Debug|x86.Build.0 = Debug|Any CPU
		{EA42D9E7-4C10-4F6D-A364-2B05590BCD43}.Release|Any CPU.ActiveCfg = Release|Any CPU
		{EA42D9E7-4C10-4F6D-A364-2B05590BCD43}.Release|Any CPU.Build.0 = Release|Any CPU
		{EA42D9E7-4C10-4F6D-A364-2B05590BCD43}.Release|ARM.ActiveCfg = Release|Any CPU
		{EA42D9E7-4C10-4F6D-A364-2B05590BCD43}.Release|ARM.Build.0 = Release|Any CPU
		{EA42D9E7-4C10-4F6D-A364-2B05590BCD43}.Release|x64.ActiveCfg = Release|Any CPU
		{EA42D9E7-4C10-4F6D-A364-2B05590BCD43}.Release|x64.Build.0 = Release|Any CPU
		{EA42D9E7-4C10-4F6D-A364-2B05590BCD43}.Release|x86.ActiveCfg = Release|Any CPU
		{EA42D9E7-4C10-4F6D-A364-2B05590BCD43}.Release|x86.Build.0 = Release|Any CPU
		{FDD509C1-622C-49B8-A1D7-13888F01AFEF}.Debug|Any CPU.ActiveCfg = Debug|Any CPU
		{FDD509C1-622C-49B8-A1D7-13888F01AFEF}.Debug|Any CPU.Build.0 = Debug|Any CPU
		{FDD509C1-622C-49B8-A1D7-13888F01AFEF}.Debug|ARM.ActiveCfg = Debug|Any CPU
		{FDD509C1-622C-49B8-A1D7-13888F01AFEF}.Debug|ARM.Build.0 = Debug|Any CPU
		{FDD509C1-622C-49B8-A1D7-13888F01AFEF}.Debug|x64.ActiveCfg = Debug|Any CPU
		{FDD509C1-622C-49B8-A1D7-13888F01AFEF}.Debug|x64.Build.0 = Debug|Any CPU
		{FDD509C1-622C-49B8-A1D7-13888F01AFEF}.Debug|x86.ActiveCfg = Debug|Any CPU
		{FDD509C1-622C-49B8-A1D7-13888F01AFEF}.Debug|x86.Build.0 = Debug|Any CPU
		{FDD509C1-622C-49B8-A1D7-13888F01AFEF}.Release|Any CPU.ActiveCfg = Release|Any CPU
		{FDD509C1-622C-49B8-A1D7-13888F01AFEF}.Release|Any CPU.Build.0 = Release|Any CPU
		{FDD509C1-622C-49B8-A1D7-13888F01AFEF}.Release|ARM.ActiveCfg = Release|Any CPU
		{FDD509C1-622C-49B8-A1D7-13888F01AFEF}.Release|ARM.Build.0 = Release|Any CPU
		{FDD509C1-622C-49B8-A1D7-13888F01AFEF}.Release|x64.ActiveCfg = Release|Any CPU
		{FDD509C1-622C-49B8-A1D7-13888F01AFEF}.Release|x64.Build.0 = Release|Any CPU
		{FDD509C1-622C-49B8-A1D7-13888F01AFEF}.Release|x86.ActiveCfg = Release|Any CPU
		{FDD509C1-622C-49B8-A1D7-13888F01AFEF}.Release|x86.Build.0 = Release|Any CPU
		{D08D6890-7FB2-45E0-96DB-69BAB0074DC0}.Debug|Any CPU.ActiveCfg = Debug|Any CPU
		{D08D6890-7FB2-45E0-96DB-69BAB0074DC0}.Debug|Any CPU.Build.0 = Debug|Any CPU
		{D08D6890-7FB2-45E0-96DB-69BAB0074DC0}.Debug|ARM.ActiveCfg = Debug|Any CPU
		{D08D6890-7FB2-45E0-96DB-69BAB0074DC0}.Debug|ARM.Build.0 = Debug|Any CPU
		{D08D6890-7FB2-45E0-96DB-69BAB0074DC0}.Debug|x64.ActiveCfg = Debug|Any CPU
		{D08D6890-7FB2-45E0-96DB-69BAB0074DC0}.Debug|x64.Build.0 = Debug|Any CPU
		{D08D6890-7FB2-45E0-96DB-69BAB0074DC0}.Debug|x86.ActiveCfg = Debug|Any CPU
		{D08D6890-7FB2-45E0-96DB-69BAB0074DC0}.Debug|x86.Build.0 = Debug|Any CPU
		{D08D6890-7FB2-45E0-96DB-69BAB0074DC0}.Release|Any CPU.ActiveCfg = Release|Any CPU
		{D08D6890-7FB2-45E0-96DB-69BAB0074DC0}.Release|Any CPU.Build.0 = Release|Any CPU
		{D08D6890-7FB2-45E0-96DB-69BAB0074DC0}.Release|ARM.ActiveCfg = Release|Any CPU
		{D08D6890-7FB2-45E0-96DB-69BAB0074DC0}.Release|ARM.Build.0 = Release|Any CPU
		{D08D6890-7FB2-45E0-96DB-69BAB0074DC0}.Release|x64.ActiveCfg = Release|Any CPU
		{D08D6890-7FB2-45E0-96DB-69BAB0074DC0}.Release|x64.Build.0 = Release|Any CPU
		{D08D6890-7FB2-45E0-96DB-69BAB0074DC0}.Release|x86.ActiveCfg = Release|Any CPU
		{D08D6890-7FB2-45E0-96DB-69BAB0074DC0}.Release|x86.Build.0 = Release|Any CPU
	EndGlobalSection
	GlobalSection(SolutionProperties) = preSolution
		HideSolutionNode = FALSE
	EndGlobalSection
	GlobalSection(ExtensibilityGlobals) = postSolution
		SolutionGuid = {A3A77DC3-765D-4428-B5D4-90E4ED716E92}
	EndGlobalSection
EndGlobal
